// !$*UTF8*$!
{
	archiveVersion = 1;
	classes = {
	};
	objectVersion = 46;
	objects = {

/* Begin PBXBuildFile section */
		A4724DCF1C6893AA008E1E9E /* AppDelegate.swift in Sources */ = {isa = PBXBuildFile; fileRef = A4724DCE1C6893AA008E1E9E /* AppDelegate.swift */; };
		A4724DD11C6893AA008E1E9E /* ViewController.swift in Sources */ = {isa = PBXBuildFile; fileRef = A4724DD01C6893AA008E1E9E /* ViewController.swift */; };
		A4724DD41C6893AA008E1E9E /* Main.storyboard in Resources */ = {isa = PBXBuildFile; fileRef = A4724DD21C6893AA008E1E9E /* Main.storyboard */; };
		A4724DD71C6893AA008E1E9E /* EightMinutes.xcdatamodeld in Sources */ = {isa = PBXBuildFile; fileRef = A4724DD51C6893AA008E1E9E /* EightMinutes.xcdatamodeld */; };
		A4724DD91C6893AA008E1E9E /* Assets.xcassets in Resources */ = {isa = PBXBuildFile; fileRef = A4724DD81C6893AA008E1E9E /* Assets.xcassets */; };
		A4724DDC1C6893AA008E1E9E /* LaunchScreen.storyboard in Resources */ = {isa = PBXBuildFile; fileRef = A4724DDA1C6893AA008E1E9E /* LaunchScreen.storyboard */; };
		A4724DE71C6893AA008E1E9E /* EightMinutesTests.swift in Sources */ = {isa = PBXBuildFile; fileRef = A4724DE61C6893AA008E1E9E /* EightMinutesTests.swift */; };
		A4724DF21C6893AA008E1E9E /* EightMinutesUITests.swift in Sources */ = {isa = PBXBuildFile; fileRef = A4724DF11C6893AA008E1E9E /* EightMinutesUITests.swift */; };
/* End PBXBuildFile section */

/* Begin PBXContainerItemProxy section */
		A4724DE31C6893AA008E1E9E /* PBXContainerItemProxy */ = {
			isa = PBXContainerItemProxy;
			containerPortal = A4724DC31C6893A9008E1E9E /* Project object */;
			proxyType = 1;
			remoteGlobalIDString = A4724DCA1C6893AA008E1E9E;
			remoteInfo = EightMinutes;
		};
		A4724DEE1C6893AA008E1E9E /* PBXContainerItemProxy */ = {
			isa = PBXContainerItemProxy;
			containerPortal = A4724DC31C6893A9008E1E9E /* Project object */;
			proxyType = 1;
			remoteGlobalIDString = A4724DCA1C6893AA008E1E9E;
			remoteInfo = EightMinutes;
		};
/* End PBXContainerItemProxy section */

/* Begin PBXFileReference section */
		A4724DCB1C6893AA008E1E9E /* EightMinutes.app */ = {isa = PBXFileReference; explicitFileType = wrapper.application; includeInIndex = 0; path = EightMinutes.app; sourceTree = BUILT_PRODUCTS_DIR; };
		A4724DCE1C6893AA008E1E9E /* AppDelegate.swift */ = {isa = PBXFileReference; lastKnownFileType = sourcecode.swift; path = AppDelegate.swift; sourceTree = "<group>"; };
		A4724DD01C6893AA008E1E9E /* ViewController.swift */ = {isa = PBXFileReference; lastKnownFileType = sourcecode.swift; path = ViewController.swift; sourceTree = "<group>"; };
		A4724DD31C6893AA008E1E9E /* Base */ = {isa = PBXFileReference; lastKnownFileType = file.storyboard; name = Base; path = Base.lproj/Main.storyboard; sourceTree = "<group>"; };
		A4724DD61C6893AA008E1E9E /* EightMinutes.xcdatamodel */ = {isa = PBXFileReference; lastKnownFileType = wrapper.xcdatamodel; path = EightMinutes.xcdatamodel; sourceTree = "<group>"; };
		A4724DD81C6893AA008E1E9E /* Assets.xcassets */ = {isa = PBXFileReference; lastKnownFileType = folder.assetcatalog; path = Assets.xcassets; sourceTree = "<group>"; };
		A4724DDB1C6893AA008E1E9E /* Base */ = {isa = PBXFileReference; lastKnownFileType = file.storyboard; name = Base; path = Base.lproj/LaunchScreen.storyboard; sourceTree = "<group>"; };
		A4724DDD1C6893AA008E1E9E /* Info.plist */ = {isa = PBXFileReference; lastKnownFileType = text.plist.xml; path = Info.plist; sourceTree = "<group>"; };
		A4724DE21C6893AA008E1E9E /* EightMinutesTests.xctest */ = {isa = PBXFileReference; explicitFileType = wrapper.cfbundle; includeInIndex = 0; path = EightMinutesTests.xctest; sourceTree = BUILT_PRODUCTS_DIR; };
		A4724DE61C6893AA008E1E9E /* EightMinutesTests.swift */ = {isa = PBXFileReference; lastKnownFileType = sourcecode.swift; path = EightMinutesTests.swift; sourceTree = "<group>"; };
		A4724DE81C6893AA008E1E9E /* Info.plist */ = {isa = PBXFileReference; lastKnownFileType = text.plist.xml; path = Info.plist; sourceTree = "<group>"; };
		A4724DED1C6893AA008E1E9E /* EightMinutesUITests.xctest */ = {isa = PBXFileReference; explicitFileType = wrapper.cfbundle; includeInIndex = 0; path = EightMinutesUITests.xctest; sourceTree = BUILT_PRODUCTS_DIR; };
		A4724DF11C6893AA008E1E9E /* EightMinutesUITests.swift */ = {isa = PBXFileReference; lastKnownFileType = sourcecode.swift; path = EightMinutesUITests.swift; sourceTree = "<group>"; };
		A4724DF31C6893AA008E1E9E /* Info.plist */ = {isa = PBXFileReference; lastKnownFileType = text.plist.xml; path = Info.plist; sourceTree = "<group>"; };
/* End PBXFileReference section */

/* Begin PBXFrameworksBuildPhase section */
		A4724DC81C6893AA008E1E9E /* Frameworks */ = {
			isa = PBXFrameworksBuildPhase;
			buildActionMask = 2147483647;
			files = (
			);
			runOnlyForDeploymentPostprocessing = 0;
		};
		A4724DDF1C6893AA008E1E9E /* Frameworks */ = {
			isa = PBXFrameworksBuildPhase;
			buildActionMask = 2147483647;
			files = (
			);
			runOnlyForDeploymentPostprocessing = 0;
		};
		A4724DEA1C6893AA008E1E9E /* Frameworks */ = {
			isa = PBXFrameworksBuildPhase;
			buildActionMask = 2147483647;
			files = (
			);
			runOnlyForDeploymentPostprocessing = 0;
		};
/* End PBXFrameworksBuildPhase section */

/* Begin PBXGroup section */
		A4724DC21C6893A9008E1E9E = {
			isa = PBXGroup;
			children = (
				A4724DCD1C6893AA008E1E9E /* EightMinutes */,
				A4724DE51C6893AA008E1E9E /* EightMinutesTests */,
				A4724DF01C6893AA008E1E9E /* EightMinutesUITests */,
				A4724DCC1C6893AA008E1E9E /* Products */,
			);
			sourceTree = "<group>";
		};
		A4724DCC1C6893AA008E1E9E /* Products */ = {
			isa = PBXGroup;
			children = (
				A4724DCB1C6893AA008E1E9E /* EightMinutes.app */,
				A4724DE21C6893AA008E1E9E /* EightMinutesTests.xctest */,
				A4724DED1C6893AA008E1E9E /* EightMinutesUITests.xctest */,
			);
			name = Products;
			sourceTree = "<group>";
		};
		A4724DCD1C6893AA008E1E9E /* EightMinutes */ = {
			isa = PBXGroup;
			children = (
				A4724DCE1C6893AA008E1E9E /* AppDelegate.swift */,
				A4724DD01C6893AA008E1E9E /* ViewController.swift */,
				A4724DD21C6893AA008E1E9E /* Main.storyboard */,
				A4724DD81C6893AA008E1E9E /* Assets.xcassets */,
				A4724DDA1C6893AA008E1E9E /* LaunchScreen.storyboard */,
				A4724DDD1C6893AA008E1E9E /* Info.plist */,
				A4724DD51C6893AA008E1E9E /* EightMinutes.xcdatamodeld */,
			);
			path = EightMinutes;
			sourceTree = "<group>";
		};
		A4724DE51C6893AA008E1E9E /* EightMinutesTests */ = {
			isa = PBXGroup;
			children = (
				A4724DE61C6893AA008E1E9E /* EightMinutesTests.swift */,
				A4724DE81C6893AA008E1E9E /* Info.plist */,
			);
			path = EightMinutesTests;
			sourceTree = "<group>";
		};
		A4724DF01C6893AA008E1E9E /* EightMinutesUITests */ = {
			isa = PBXGroup;
			children = (
				A4724DF11C6893AA008E1E9E /* EightMinutesUITests.swift */,
				A4724DF31C6893AA008E1E9E /* Info.plist */,
			);
			path = EightMinutesUITests;
			sourceTree = "<group>";
		};
/* End PBXGroup section */

/* Begin PBXNativeTarget section */
		A4724DCA1C6893AA008E1E9E /* EightMinutes */ = {
			isa = PBXNativeTarget;
			buildConfigurationList = A4724DF61C6893AA008E1E9E /* Build configuration list for PBXNativeTarget "EightMinutes" */;
			buildPhases = (
				A4724DC71C6893AA008E1E9E /* Sources */,
				A4724DC81C6893AA008E1E9E /* Frameworks */,
				A4724DC91C6893AA008E1E9E /* Resources */,
			);
			buildRules = (
			);
			dependencies = (
			);
			name = EightMinutes;
			productName = EightMinutes;
			productReference = A4724DCB1C6893AA008E1E9E /* EightMinutes.app */;
			productType = "com.apple.product-type.application";
		};
		A4724DE11C6893AA008E1E9E /* EightMinutesTests */ = {
			isa = PBXNativeTarget;
			buildConfigurationList = A4724DF91C6893AA008E1E9E /* Build configuration list for PBXNativeTarget "EightMinutesTests" */;
			buildPhases = (
				A4724DDE1C6893AA008E1E9E /* Sources */,
				A4724DDF1C6893AA008E1E9E /* Frameworks */,
				A4724DE01C6893AA008E1E9E /* Resources */,
			);
			buildRules = (
			);
			dependencies = (
				A4724DE41C6893AA008E1E9E /* PBXTargetDependency */,
			);
			name = EightMinutesTests;
			productName = EightMinutesTests;
			productReference = A4724DE21C6893AA008E1E9E /* EightMinutesTests.xctest */;
			productType = "com.apple.product-type.bundle.unit-test";
		};
		A4724DEC1C6893AA008E1E9E /* EightMinutesUITests */ = {
			isa = PBXNativeTarget;
			buildConfigurationList = A4724DFC1C6893AA008E1E9E /* Build configuration list for PBXNativeTarget "EightMinutesUITests" */;
			buildPhases = (
				A4724DE91C6893AA008E1E9E /* Sources */,
				A4724DEA1C6893AA008E1E9E /* Frameworks */,
				A4724DEB1C6893AA008E1E9E /* Resources */,
			);
			buildRules = (
			);
			dependencies = (
				A4724DEF1C6893AA008E1E9E /* PBXTargetDependency */,
			);
			name = EightMinutesUITests;
			productName = EightMinutesUITests;
			productReference = A4724DED1C6893AA008E1E9E /* EightMinutesUITests.xctest */;
			productType = "com.apple.product-type.bundle.ui-testing";
		};
/* End PBXNativeTarget section */

/* Begin PBXProject section */
		A4724DC31C6893A9008E1E9E /* Project object */ = {
			isa = PBXProject;
			attributes = {
				LastSwiftUpdateCheck = 0720;
				LastUpgradeCheck = 0720;
				ORGANIZATIONNAME = 8Minutes;
				TargetAttributes = {
					A4724DCA1C6893AA008E1E9E = {
						CreatedOnToolsVersion = 7.2;
					};
					A4724DE11C6893AA008E1E9E = {
						CreatedOnToolsVersion = 7.2;
						TestTargetID = A4724DCA1C6893AA008E1E9E;
					};
					A4724DEC1C6893AA008E1E9E = {
						CreatedOnToolsVersion = 7.2;
						TestTargetID = A4724DCA1C6893AA008E1E9E;
					};
				};
			};
			buildConfigurationList = A4724DC61C6893A9008E1E9E /* Build configuration list for PBXProject "EightMinutes" */;
			compatibilityVersion = "Xcode 3.2";
			developmentRegion = English;
			hasScannedForEncodings = 0;
			knownRegions = (
				en,
				Base,
			);
			mainGroup = A4724DC21C6893A9008E1E9E;
			productRefGroup = A4724DCC1C6893AA008E1E9E /* Products */;
			projectDirPath = "";
			projectRoot = "";
			targets = (
				A4724DCA1C6893AA008E1E9E /* EightMinutes */,
				A4724DE11C6893AA008E1E9E /* EightMinutesTests */,
				A4724DEC1C6893AA008E1E9E /* EightMinutesUITests */,
			);
		};
/* End PBXProject section */

/* Begin PBXResourcesBuildPhase section */
		A4724DC91C6893AA008E1E9E /* Resources */ = {
			isa = PBXResourcesBuildPhase;
			buildActionMask = 2147483647;
			files = (
				A4724DDC1C6893AA008E1E9E /* LaunchScreen.storyboard in Resources */,
				A4724DD91C6893AA008E1E9E /* Assets.xcassets in Resources */,
				A4724DD41C6893AA008E1E9E /* Main.storyboard in Resources */,
			);
			runOnlyForDeploymentPostprocessing = 0;
		};
		A4724DE01C6893AA008E1E9E /* Resources */ = {
			isa = PBXResourcesBuildPhase;
			buildActionMask = 2147483647;
			files = (
			);
			runOnlyForDeploymentPostprocessing = 0;
		};
		A4724DEB1C6893AA008E1E9E /* Resources */ = {
			isa = PBXResourcesBuildPhase;
			buildActionMask = 2147483647;
			files = (
			);
			runOnlyForDeploymentPostprocessing = 0;
		};
/* End PBXResourcesBuildPhase section */

/* Begin PBXSourcesBuildPhase section */
		A4724DC71C6893AA008E1E9E /* Sources */ = {
			isa = PBXSourcesBuildPhase;
			buildActionMask = 2147483647;
			files = (
				A4724DD11C6893AA008E1E9E /* ViewController.swift in Sources */,
				A4724DD71C6893AA008E1E9E /* EightMinutes.xcdatamodeld in Sources */,
				A4724DCF1C6893AA008E1E9E /* AppDelegate.swift in Sources */,
			);
			runOnlyForDeploymentPostprocessing = 0;
		};
		A4724DDE1C6893AA008E1E9E /* Sources */ = {
			isa = PBXSourcesBuildPhase;
			buildActionMask = 2147483647;
			files = (
				A4724DE71C6893AA008E1E9E /* EightMinutesTests.swift in Sources */,
			);
			runOnlyForDeploymentPostprocessing = 0;
		};
		A4724DE91C6893AA008E1E9E /* Sources */ = {
			isa = PBXSourcesBuildPhase;
			buildActionMask = 2147483647;
			files = (
				A4724DF21C6893AA008E1E9E /* EightMinutesUITests.swift in Sources */,
			);
			runOnlyForDeploymentPostprocessing = 0;
		};
/* End PBXSourcesBuildPhase section */

/* Begin PBXTargetDependency section */
		A4724DE41C6893AA008E1E9E /* PBXTargetDependency */ = {
			isa = PBXTargetDependency;
			target = A4724DCA1C6893AA008E1E9E /* EightMinutes */;
			targetProxy = A4724DE31C6893AA008E1E9E /* PBXContainerItemProxy */;
		};
		A4724DEF1C6893AA008E1E9E /* PBXTargetDependency */ = {
			isa = PBXTargetDependency;
			target = A4724DCA1C6893AA008E1E9E /* EightMinutes */;
			targetProxy = A4724DEE1C6893AA008E1E9E /* PBXContainerItemProxy */;
		};
/* End PBXTargetDependency section */

/* Begin PBXVariantGroup section */
		A4724DD21C6893AA008E1E9E /* Main.storyboard */ = {
			isa = PBXVariantGroup;
			children = (
				A4724DD31C6893AA008E1E9E /* Base */,
			);
			name = Main.storyboard;
			sourceTree = "<group>";
		};
		A4724DDA1C6893AA008E1E9E /* LaunchScreen.storyboard */ = {
			isa = PBXVariantGroup;
			children = (
				A4724DDB1C6893AA008E1E9E /* Base */,
			);
			name = LaunchScreen.storyboard;
			sourceTree = "<group>";
		};
/* End PBXVariantGroup section */

/* Begin XCBuildConfiguration section */
		A4724DF41C6893AA008E1E9E /* Debug */ = {
			isa = XCBuildConfiguration;
			buildSettings = {
				ALWAYS_SEARCH_USER_PATHS = NO;
				CLANG_CXX_LANGUAGE_STANDARD = "gnu++0x";
				CLANG_CXX_LIBRARY = "libc++";
				CLANG_ENABLE_MODULES = YES;
				CLANG_ENABLE_OBJC_ARC = YES;
				CLANG_WARN_BOOL_CONVERSION = YES;
				CLANG_WARN_CONSTANT_CONVERSION = YES;
				CLANG_WARN_DIRECT_OBJC_ISA_USAGE = YES_ERROR;
				CLANG_WARN_EMPTY_BODY = YES;
				CLANG_WARN_ENUM_CONVERSION = YES;
				CLANG_WARN_INT_CONVERSION = YES;
				CLANG_WARN_OBJC_ROOT_CLASS = YES_ERROR;
				CLANG_WARN_UNREACHABLE_CODE = YES;
				CLANG_WARN__DUPLICATE_METHOD_MATCH = YES;
				"CODE_SIGN_IDENTITY[sdk=iphoneos*]" = "iPhone Developer";
				COPY_PHASE_STRIP = NO;
				DEBUG_INFORMATION_FORMAT = dwarf;
				ENABLE_STRICT_OBJC_MSGSEND = YES;
				ENABLE_TESTABILITY = YES;
				GCC_C_LANGUAGE_STANDARD = gnu99;
				GCC_DYNAMIC_NO_PIC = NO;
				GCC_NO_COMMON_BLOCKS = YES;
				GCC_OPTIMIZATION_LEVEL = 0;
				GCC_PREPROCESSOR_DEFINITIONS = (
					"DEBUG=1",
					"$(inherited)",
				);
				GCC_WARN_64_TO_32_BIT_CONVERSION = YES;
				GCC_WARN_ABOUT_RETURN_TYPE = YES_ERROR;
				GCC_WARN_UNDECLARED_SELECTOR = YES;
				GCC_WARN_UNINITIALIZED_AUTOS = YES_AGGRESSIVE;
				GCC_WARN_UNUSED_FUNCTION = YES;
				GCC_WARN_UNUSED_VARIABLE = YES;
				IPHONEOS_DEPLOYMENT_TARGET = 9.2;
				MTL_ENABLE_DEBUG_INFO = YES;
				ONLY_ACTIVE_ARCH = YES;
				SDKROOT = iphoneos;
				SWIFT_OPTIMIZATION_LEVEL = "-Onone";
				TARGETED_DEVICE_FAMILY = "1,2";
			};
			name = Debug;
		};
		A4724DF51C6893AA008E1E9E /* Release */ = {
			isa = XCBuildConfiguration;
			buildSettings = {
				ALWAYS_SEARCH_USER_PATHS = NO;
				CLANG_CXX_LANGUAGE_STANDARD = "gnu++0x";
				CLANG_CXX_LIBRARY = "libc++";
				CLANG_ENABLE_MODULES = YES;
				CLANG_ENABLE_OBJC_ARC = YES;
				CLANG_WARN_BOOL_CONVERSION = YES;
				CLANG_WARN_CONSTANT_CONVERSION = YES;
				CLANG_WARN_DIRECT_OBJC_ISA_USAGE = YES_ERROR;
				CLANG_WARN_EMPTY_BODY = YES;
				CLANG_WARN_ENUM_CONVERSION = YES;
				CLANG_WARN_INT_CONVERSION = YES;
				CLANG_WARN_OBJC_ROOT_CLASS = YES_ERROR;
				CLANG_WARN_UNREACHABLE_CODE = YES;
				CLANG_WARN__DUPLICATE_METHOD_MATCH = YES;
				"CODE_SIGN_IDENTITY[sdk=iphoneos*]" = "iPhone Developer";
				COPY_PHASE_STRIP = NO;
				DEBUG_INFORMATION_FORMAT = "dwarf-with-dsym";
				ENABLE_NS_ASSERTIONS = NO;
				ENABLE_STRICT_OBJC_MSGSEND = YES;
				GCC_C_LANGUAGE_STANDARD = gnu99;
				GCC_NO_COMMON_BLOCKS = YES;
				GCC_WARN_64_TO_32_BIT_CONVERSION = YES;
				GCC_WARN_ABOUT_RETURN_TYPE = YES_ERROR;
				GCC_WARN_UNDECLARED_SELECTOR = YES;
				GCC_WARN_UNINITIALIZED_AUTOS = YES_AGGRESSIVE;
				GCC_WARN_UNUSED_FUNCTION = YES;
				GCC_WARN_UNUSED_VARIABLE = YES;
				IPHONEOS_DEPLOYMENT_TARGET = 9.2;
				MTL_ENABLE_DEBUG_INFO = NO;
				SDKROOT = iphoneos;
				TARGETED_DEVICE_FAMILY = "1,2";
				VALIDATE_PRODUCT = YES;
			};
			name = Release;
		};
		A4724DF71C6893AA008E1E9E /* Debug */ = {
			isa = XCBuildConfiguration;
			buildSettings = {
				ASSETCATALOG_COMPILER_APPICON_NAME = AppIcon;
				INFOPLIST_FILE = EightMinutes/Info.plist;
				LD_RUNPATH_SEARCH_PATHS = "$(inherited) @executable_path/Frameworks";
				PRODUCT_BUNDLE_IDENTIFIER = com.eightmins.EightMinutes;
				PRODUCT_NAME = "$(TARGET_NAME)";
			};
			name = Debug;
		};
		A4724DF81C6893AA008E1E9E /* Release */ = {
			isa = XCBuildConfiguration;
			buildSettings = {
				ASSETCATALOG_COMPILER_APPICON_NAME = AppIcon;
				INFOPLIST_FILE = EightMinutes/Info.plist;
				LD_RUNPATH_SEARCH_PATHS = "$(inherited) @executable_path/Frameworks";
				PRODUCT_BUNDLE_IDENTIFIER = com.eightmins.EightMinutes;
				PRODUCT_NAME = "$(TARGET_NAME)";
			};
			name = Release;
		};
		A4724DFA1C6893AA008E1E9E /* Debug */ = {
			isa = XCBuildConfiguration;
			buildSettings = {
				BUNDLE_LOADER = "$(TEST_HOST)";
				INFOPLIST_FILE = EightMinutesTests/Info.plist;
				LD_RUNPATH_SEARCH_PATHS = "$(inherited) @executable_path/Frameworks @loader_path/Frameworks";
				PRODUCT_BUNDLE_IDENTIFIER = com.eightmins.EightMinutesTests;
				PRODUCT_NAME = "$(TARGET_NAME)";
				TEST_HOST = "$(BUILT_PRODUCTS_DIR)/EightMinutes.app/EightMinutes";
			};
			name = Debug;
		};
		A4724DFB1C6893AA008E1E9E /* Release */ = {
			isa = XCBuildConfiguration;
			buildSettings = {
				BUNDLE_LOADER = "$(TEST_HOST)";
				INFOPLIST_FILE = EightMinutesTests/Info.plist;
				LD_RUNPATH_SEARCH_PATHS = "$(inherited) @executable_path/Frameworks @loader_path/Frameworks";
				PRODUCT_BUNDLE_IDENTIFIER = com.eightmins.EightMinutesTests;
				PRODUCT_NAME = "$(TARGET_NAME)";
				TEST_HOST = "$(BUILT_PRODUCTS_DIR)/EightMinutes.app/EightMinutes";
			};
			name = Release;
		};
		A4724DFD1C6893AA008E1E9E /* Debug */ = {
			isa = XCBuildConfiguration;
			buildSettings = {
				INFOPLIST_FILE = EightMinutesUITests/Info.plist;
				LD_RUNPATH_SEARCH_PATHS = "$(inherited) @executable_path/Frameworks @loader_path/Frameworks";
				PRODUCT_BUNDLE_IDENTIFIER = com.eightmins.EightMinutesUITests;
				PRODUCT_NAME = "$(TARGET_NAME)";
				TEST_TARGET_NAME = EightMinutes;
				USES_XCTRUNNER = YES;
			};
			name = Debug;
		};
		A4724DFE1C6893AA008E1E9E /* Release */ = {
			isa = XCBuildConfiguration;
			buildSettings = {
				INFOPLIST_FILE = EightMinutesUITests/Info.plist;
				LD_RUNPATH_SEARCH_PATHS = "$(inherited) @executable_path/Frameworks @loader_path/Frameworks";
				PRODUCT_BUNDLE_IDENTIFIER = com.eightmins.EightMinutesUITests;
				PRODUCT_NAME = "$(TARGET_NAME)";
				TEST_TARGET_NAME = EightMinutes;
				USES_XCTRUNNER = YES;
			};
			name = Release;
		};
/* End XCBuildConfiguration section */

/* Begin XCConfigurationList section */
		A4724DC61C6893A9008E1E9E /* Build configuration list for PBXProject "EightMinutes" */ = {
			isa = XCConfigurationList;
			buildConfigurations = (
				A4724DF41C6893AA008E1E9E /* Debug */,
				A4724DF51C6893AA008E1E9E /* Release */,
			);
			defaultConfigurationIsVisible = 0;
			defaultConfigurationName = Release;
		};
		A4724DF61C6893AA008E1E9E /* Build configuration list for PBXNativeTarget "EightMinutes" */ = {
			isa = XCConfigurationList;
			buildConfigurations = (
				A4724DF71C6893AA008E1E9E /* Debug */,
				A4724DF81C6893AA008E1E9E /* Release */,
			);
			defaultConfigurationIsVisible = 0;
		};
		A4724DF91C6893AA008E1E9E /* Build configuration list for PBXNativeTarget "EightMinutesTests" */ = {
			isa = XCConfigurationList;
			buildConfigurations = (
				A4724DFA1C6893AA008E1E9E /* Debug */,
				A4724DFB1C6893AA008E1E9E /* Release */,
			);
			defaultConfigurationIsVisible = 0;
		};
		A4724DFC1C6893AA008E1E9E /* Build configuration list for PBXNativeTarget "EightMinutesUITests" */ = {
			isa = XCConfigurationList;
			buildConfigurations = (
				A4724DFD1C6893AA008E1E9E /* Debug */,
				A4724DFE1C6893AA008E1E9E /* Release */,
			);
			defaultConfigurationIsVisible = 0;
		};
/* End XCConfigurationList section */

/* Begin XCVersionGroup section */
		A4724DD51C6893AA008E1E9E /* EightMinutes.xcdatamodeld */ = {
			isa = XCVersionGroup;
			children = (
				A4724DD61C6893AA008E1E9E /* EightMinutes.xcdatamodel */,
			);
			currentVersion = A4724DD61C6893AA008E1E9E /* EightMinutes.xcdatamodel */;
			path = EightMinutes.xcdatamodeld;
			sourceTree = "<group>";
			versionGroupType = wrapper.xcdatamodel;
		};
/* End XCVersionGroup section */
	};
	rootObject = A4724DC31C6893A9008E1E9E /* Project object */;
}
